
Microsoft Visual Studio Solution File, Format Version 12.00
# Visual Studio Version 17
VisualStudioVersion = 17.9.34622.214
MinimumVisualStudioVersion = 10.0.40219.1
Project("{FAE04EC0-301F-11D3-BF4B-00C04F79EFBC}") = "SOLID.Application", "SOLID.Application\SOLID.Application.csproj", "{2D203BBC-9874-482D-AE8F-CA466B9364A8}"
EndProject
Global
	GlobalSection(SolutionConfigurationPlatforms) = preSolution
		Debug|Any CPU = Debug|Any CPU
		Release|Any CPU = Release|Any CPU
	EndGlobalSection
	GlobalSection(ProjectConfigurationPlatforms) = postSolution
		{2D203BBC-9874-482D-AE8F-CA466B9364A8}.Debug|Any CPU.ActiveCfg = Debug|Any CPU
		{2D203BBC-9874-482D-AE8F-CA466B9364A8}.Debug|Any CPU.Build.0 = Debug|Any CPU
		{2D203BBC-9874-482D-AE8F-CA466B9364A8}.Release|Any CPU.ActiveCfg = Release|Any CPU
		{2D203BBC-9874-482D-AE8F-CA466B9364A8}.Release|Any CPU.Build.0 = Release|Any CPU
	EndGlobalSection
	GlobalSection(SolutionProperties) = preSolution
		HideSolutionNode = FALSE
	EndGlobalSection
	GlobalSection(ExtensibilityGlobals) = postSolution
		SolutionGuid = {3ECBCB70-FD1C-47BF-A73E-74E1AAF598A8}
	EndGlobalSection
EndGlobal
